
Microsoft Visual Studio Solution File, Format Version 12.00
# Visual Studio Version 17
VisualStudioVersion = 17.9.34902.65
MinimumVisualStudioVersion = 10.0.40219.1
Project("{9A19103F-16F7-4668-BE54-9A1E7A4F7556}") = "TangyWeb_Server", "TangyWeb_Server\TangyWeb_Server.csproj", "{C443F15D-48BD-4D43-9183-5BA6F63B0395}"
EndProject
Project("{9A19103F-16F7-4668-BE54-9A1E7A4F7556}") = "Tangy_Models", "Tangy_Models\Tangy_Models.csproj", "{0EBF1A73-45E6-4470-A051-1345B0156EF1}"
EndProject
Project("{9A19103F-16F7-4668-BE54-9A1E7A4F7556}") = "Tangy_Business", "Tangy_Business\Tangy_Business.csproj", "{BECF7AA0-0B41-4D68-B79E-6D31B4381776}"
EndProject
Project("{9A19103F-16F7-4668-BE54-9A1E7A4F7556}") = "Tangy_DataAccess", "Tangy_DataAccess\Tangy_DataAccess.csproj", "{EF1835EA-5ADB-4D74-9A14-59936A0B6A9F}"
EndProject
Project("{9A19103F-16F7-4668-BE54-9A1E7A4F7556}") = "Tangy_Common", "Tangy_Common\Tangy_Common.csproj", "{A25BB9C0-91BF-4267-A3CD-4B660ED1A29A}"
EndProject
Project("{9A19103F-16F7-4668-BE54-9A1E7A4F7556}") = "TangyWeb_Client", "TangyWeb_Client\TangyWeb_Client.csproj", "{45C889F0-5842-4D44-92E6-7847688FFDE6}"
EndProject
Global
	GlobalSection(SolutionConfigurationPlatforms) = preSolution
		Debug|Any CPU = Debug|Any CPU
		Release|Any CPU = Release|Any CPU
	EndGlobalSection
	GlobalSection(ProjectConfigurationPlatforms) = postSolution
		{C443F15D-48BD-4D43-9183-5BA6F63B0395}.Debug|Any CPU.ActiveCfg = Debug|Any CPU
		{C443F15D-48BD-4D43-9183-5BA6F63B0395}.Debug|Any CPU.Build.0 = Debug|Any CPU
		{C443F15D-48BD-4D43-9183-5BA6F63B0395}.Release|Any CPU.ActiveCfg = Release|Any CPU
		{C443F15D-48BD-4D43-9183-5BA6F63B0395}.Release|Any CPU.Build.0 = Release|Any CPU
		{0EBF1A73-45E6-4470-A051-1345B0156EF1}.Debug|Any CPU.ActiveCfg = Debug|Any CPU
		{0EBF1A73-45E6-4470-A051-1345B0156EF1}.Debug|Any CPU.Build.0 = Debug|Any CPU
		{0EBF1A73-45E6-4470-A051-1345B0156EF1}.Release|Any CPU.ActiveCfg = Release|Any CPU
		{0EBF1A73-45E6-4470-A051-1345B0156EF1}.Release|Any CPU.Build.0 = Release|Any CPU
		{BECF7AA0-0B41-4D68-B79E-6D31B4381776}.Debug|Any CPU.ActiveCfg = Debug|Any CPU
		{BECF7AA0-0B41-4D68-B79E-6D31B4381776}.Debug|Any CPU.Build.0 = Debug|Any CPU
		{BECF7AA0-0B41-4D68-B79E-6D31B4381776}.Release|Any CPU.ActiveCfg = Release|Any CPU
		{BECF7AA0-0B41-4D68-B79E-6D31B4381776}.Release|Any CPU.Build.0 = Release|Any CPU
		{EF1835EA-5ADB-4D74-9A14-59936A0B6A9F}.Debug|Any CPU.ActiveCfg = Debug|Any CPU
		{EF1835EA-5ADB-4D74-9A14-59936A0B6A9F}.Debug|Any CPU.Build.0 = Debug|Any CPU
		{EF1835EA-5ADB-4D74-9A14-59936A0B6A9F}.Release|Any CPU.ActiveCfg = Release|Any CPU
		{EF1835EA-5ADB-4D74-9A14-59936A0B6A9F}.Release|Any CPU.Build.0 = Release|Any CPU
		{A25BB9C0-91BF-4267-A3CD-4B660ED1A29A}.Debug|Any CPU.ActiveCfg = Debug|Any CPU
		{A25BB9C0-91BF-4267-A3CD-4B660ED1A29A}.Debug|Any CPU.Build.0 = Debug|Any CPU
		{A25BB9C0-91BF-4267-A3CD-4B660ED1A29A}.Release|Any CPU.ActiveCfg = Release|Any CPU
		{A25BB9C0-91BF-4267-A3CD-4B660ED1A29A}.Release|Any CPU.Build.0 = Release|Any CPU
		{45C889F0-5842-4D44-92E6-7847688FFDE6}.Debug|Any CPU.ActiveCfg = Debug|Any CPU
		{45C889F0-5842-4D44-92E6-7847688FFDE6}.Debug|Any CPU.Build.0 = Debug|Any CPU
		{45C889F0-5842-4D44-92E6-7847688FFDE6}.Release|Any CPU.ActiveCfg = Release|Any CPU
		{45C889F0-5842-4D44-92E6-7847688FFDE6}.Release|Any CPU.Build.0 = Release|Any CPU
	EndGlobalSection
	GlobalSection(SolutionProperties) = preSolution
		HideSolutionNode = FALSE
	EndGlobalSection
	GlobalSection(ExtensibilityGlobals) = postSolution
		SolutionGuid = {98E8104E-249B-4239-AB75-96DD2EB70FBA}
	EndGlobalSection
EndGlobal
